
Microsoft Visual Studio Solution File, Format Version 12.00
Project("{FAE04EC0-301F-11D3-BF4B-00C04F79EFBC}") = "Example_Random", "Example_Random\Example_Random.csproj", "{3537C78F-61EE-4E4F-A44E-D0C0A11B7F75}"
EndProject
Global
	GlobalSection(SolutionConfigurationPlatforms) = preSolution
		Debug|Any CPU = Debug|Any CPU
		Release|Any CPU = Release|Any CPU
	EndGlobalSection
	GlobalSection(ProjectConfigurationPlatforms) = postSolution
		{3537C78F-61EE-4E4F-A44E-D0C0A11B7F75}.Debug|Any CPU.ActiveCfg = Debug|Any CPU
		{3537C78F-61EE-4E4F-A44E-D0C0A11B7F75}.Debug|Any CPU.Build.0 = Debug|Any CPU
		{3537C78F-61EE-4E4F-A44E-D0C0A11B7F75}.Release|Any CPU.ActiveCfg = Release|Any CPU
		{3537C78F-61EE-4E4F-A44E-D0C0A11B7F75}.Release|Any CPU.Build.0 = Release|Any CPU
	EndGlobalSection
EndGlobal
