
Microsoft Visual Studio Solution File, Format Version 12.00
# Visual Studio Version 17
VisualStudioVersion = 17.4.33213.308
MinimumVisualStudioVersion = 10.0.40219.1
Project("{FAE04EC0-301F-11D3-BF4B-00C04F79EFBC}") = "Meetkundige_dingen", "Meetkundige_dingen\Meetkundige_dingen.csproj", "{BFF931AC-618B-4631-BBCA-C199FE43D598}"
EndProject
Global
	GlobalSection(SolutionConfigurationPlatforms) = preSolution
		Debug|Any CPU = Debug|Any CPU
		Release|Any CPU = Release|Any CPU
	EndGlobalSection
	GlobalSection(ProjectConfigurationPlatforms) = postSolution
		{BFF931AC-618B-4631-BBCA-C199FE43D598}.Debug|Any CPU.ActiveCfg = Debug|Any CPU
		{BFF931AC-618B-4631-BBCA-C199FE43D598}.Debug|Any CPU.Build.0 = Debug|Any CPU
		{BFF931AC-618B-4631-BBCA-C199FE43D598}.Release|Any CPU.ActiveCfg = Release|Any CPU
		{BFF931AC-618B-4631-BBCA-C199FE43D598}.Release|Any CPU.Build.0 = Release|Any CPU
	EndGlobalSection
	GlobalSection(SolutionProperties) = preSolution
		HideSolutionNode = FALSE
	EndGlobalSection
	GlobalSection(ExtensibilityGlobals) = postSolution
		SolutionGuid = {5A027478-F0CE-40E4-9C72-24E3E4B1D690}
	EndGlobalSection
EndGlobal
