
Microsoft Visual Studio Solution File, Format Version 12.00
# Visual Studio Version 17
VisualStudioVersion = 17.4.33213.308
MinimumVisualStudioVersion = 10.0.40219.1
Project("{FAE04EC0-301F-11D3-BF4B-00C04F79EFBC}") = "KassaSysteem", "KassaSysteem\KassaSysteem.csproj", "{066D5FCC-387B-4962-9A8F-5BF3C66ECEF5}"
EndProject
Global
	GlobalSection(SolutionConfigurationPlatforms) = preSolution
		Debug|Any CPU = Debug|Any CPU
		Release|Any CPU = Release|Any CPU
	EndGlobalSection
	GlobalSection(ProjectConfigurationPlatforms) = postSolution
		{066D5FCC-387B-4962-9A8F-5BF3C66ECEF5}.Debug|Any CPU.ActiveCfg = Debug|Any CPU
		{066D5FCC-387B-4962-9A8F-5BF3C66ECEF5}.Debug|Any CPU.Build.0 = Debug|Any CPU
		{066D5FCC-387B-4962-9A8F-5BF3C66ECEF5}.Release|Any CPU.ActiveCfg = Release|Any CPU
		{066D5FCC-387B-4962-9A8F-5BF3C66ECEF5}.Release|Any CPU.Build.0 = Release|Any CPU
	EndGlobalSection
	GlobalSection(SolutionProperties) = preSolution
		HideSolutionNode = FALSE
	EndGlobalSection
	GlobalSection(ExtensibilityGlobals) = postSolution
		SolutionGuid = {538B981F-9007-475A-A6AE-B808760AF378}
	EndGlobalSection
EndGlobal
