
Microsoft Visual Studio Solution File, Format Version 12.00
# Visual Studio Version 17
VisualStudioVersion = 17.4.33213.308
MinimumVisualStudioVersion = 10.0.40219.1
Project("{FAE04EC0-301F-11D3-BF4B-00C04F79EFBC}") = "Oefening_OntmantelingsDienst", "Oefening_OntmantelingsDienst\Oefening_OntmantelingsDienst.csproj", "{15DE1E4F-5C5F-4A2F-88AF-CD960D72E147}"
EndProject
Global
	GlobalSection(SolutionConfigurationPlatforms) = preSolution
		Debug|Any CPU = Debug|Any CPU
		Release|Any CPU = Release|Any CPU
	EndGlobalSection
	GlobalSection(ProjectConfigurationPlatforms) = postSolution
		{15DE1E4F-5C5F-4A2F-88AF-CD960D72E147}.Debug|Any CPU.ActiveCfg = Debug|Any CPU
		{15DE1E4F-5C5F-4A2F-88AF-CD960D72E147}.Debug|Any CPU.Build.0 = Debug|Any CPU
		{15DE1E4F-5C5F-4A2F-88AF-CD960D72E147}.Release|Any CPU.ActiveCfg = Release|Any CPU
		{15DE1E4F-5C5F-4A2F-88AF-CD960D72E147}.Release|Any CPU.Build.0 = Release|Any CPU
	EndGlobalSection
	GlobalSection(SolutionProperties) = preSolution
		HideSolutionNode = FALSE
	EndGlobalSection
	GlobalSection(ExtensibilityGlobals) = postSolution
		SolutionGuid = {454949A5-0F0E-432F-99CC-5D1F1D168C3E}
	EndGlobalSection
EndGlobal
